// !$*UTF8*$!
{
	archiveVersion = 1;
	classes = {
	};
	objectVersion = 51;
	objects = {

/* Begin PBXBuildFile section */
		5C379EA0EF90014529077293 /* Pods_ColorLightTests.framework in Frameworks */ = {isa = PBXBuildFile; fileRef = AB1B8BCAC94B81942BCA4505 /* Pods_ColorLightTests.framework */; };
		7D6B8A2425D490B800CAD805 /* AppDelegate.swift in Sources */ = {isa = PBXBuildFile; fileRef = 7D6B8A2325D490B800CAD805 /* AppDelegate.swift */; };
		7D6B8A2625D490B800CAD805 /* SceneDelegate.swift in Sources */ = {isa = PBXBuildFile; fileRef = 7D6B8A2525D490B800CAD805 /* SceneDelegate.swift */; };
		7D6B8A2825D490B800CAD805 /* ViewController.swift in Sources */ = {isa = PBXBuildFile; fileRef = 7D6B8A2725D490B800CAD805 /* ViewController.swift */; };
		7D6B8A2B25D490B800CAD805 /* Main.storyboard in Resources */ = {isa = PBXBuildFile; fileRef = 7D6B8A2925D490B800CAD805 /* Main.storyboard */; };
		7D6B8A2D25D490BB00CAD805 /* Assets.xcassets in Resources */ = {isa = PBXBuildFile; fileRef = 7D6B8A2C25D490BB00CAD805 /* Assets.xcassets */; };
		7D6B8A3025D490BB00CAD805 /* LaunchScreen.storyboard in Resources */ = {isa = PBXBuildFile; fileRef = 7D6B8A2E25D490BB00CAD805 /* LaunchScreen.storyboard */; };
		7D6B8A3A25D490E200CAD805 /* UIColor.swift in Sources */ = {isa = PBXBuildFile; fileRef = 7D6B8A3925D490E200CAD805 /* UIColor.swift */; };
		7D87CF0325D5DF79004A18F5 /* MainViewTest.swift in Sources */ = {isa = PBXBuildFile; fileRef = 7D87CF0225D5DF79004A18F5 /* MainViewTest.swift */; };
		BDCC44476E540C6D19EE67E9 /* Pods_ColorLight.framework in Frameworks */ = {isa = PBXBuildFile; fileRef = DC3268D6D0EA9E87B1CADF11 /* Pods_ColorLight.framework */; };
/* End PBXBuildFile section */

/* Begin PBXContainerItemProxy section */
		7D6B8A4625D5760D00CAD805 /* PBXContainerItemProxy */ = {
			isa = PBXContainerItemProxy;
			containerPortal = 7D6B8A1825D490B800CAD805 /* Project object */;
			proxyType = 1;
			remoteGlobalIDString = 7D6B8A1F25D490B800CAD805;
			remoteInfo = ColorLight;
		};
/* End PBXContainerItemProxy section */

/* Begin PBXFileReference section */
		7D6B8A2025D490B800CAD805 /* ColorLight.app */ = {isa = PBXFileReference; explicitFileType = wrapper.application; includeInIndex = 0; path = ColorLight.app; sourceTree = BUILT_PRODUCTS_DIR; };
		7D6B8A2325D490B800CAD805 /* AppDelegate.swift */ = {isa = PBXFileReference; lastKnownFileType = sourcecode.swift; path = AppDelegate.swift; sourceTree = "<group>"; };
		7D6B8A2525D490B800CAD805 /* SceneDelegate.swift */ = {isa = PBXFileReference; lastKnownFileType = sourcecode.swift; path = SceneDelegate.swift; sourceTree = "<group>"; };
		7D6B8A2725D490B800CAD805 /* ViewController.swift */ = {isa = PBXFileReference; lastKnownFileType = sourcecode.swift; path = ViewController.swift; sourceTree = "<group>"; };
		7D6B8A2A25D490B800CAD805 /* Base */ = {isa = PBXFileReference; lastKnownFileType = file.storyboard; name = Base; path = Base.lproj/Main.storyboard; sourceTree = "<group>"; };
		7D6B8A2C25D490BB00CAD805 /* Assets.xcassets */ = {isa = PBXFileReference; lastKnownFileType = folder.assetcatalog; path = Assets.xcassets; sourceTree = "<group>"; };
		7D6B8A2F25D490BB00CAD805 /* Base */ = {isa = PBXFileReference; lastKnownFileType = file.storyboard; name = Base; path = Base.lproj/LaunchScreen.storyboard; sourceTree = "<group>"; };
		7D6B8A3125D490BB00CAD805 /* Info.plist */ = {isa = PBXFileReference; lastKnownFileType = text.plist.xml; path = Info.plist; sourceTree = "<group>"; };
		7D6B8A3925D490E200CAD805 /* UIColor.swift */ = {isa = PBXFileReference; lastKnownFileType = sourcecode.swift; path = UIColor.swift; sourceTree = "<group>"; };
		7D6B8A4125D5760D00CAD805 /* ColorLightTests.xctest */ = {isa = PBXFileReference; explicitFileType = wrapper.cfbundle; includeInIndex = 0; path = ColorLightTests.xctest; sourceTree = BUILT_PRODUCTS_DIR; };
		7D6B8A4525D5760D00CAD805 /* Info.plist */ = {isa = PBXFileReference; lastKnownFileType = text.plist.xml; path = Info.plist; sourceTree = "<group>"; };
		7D6B8A5525D57CB100CAD805 /* ColorLightTests-Bridging-Header.h */ = {isa = PBXFileReference; lastKnownFileType = sourcecode.c.h; path = "ColorLightTests-Bridging-Header.h"; sourceTree = "<group>"; };
		7D87CF0225D5DF79004A18F5 /* MainViewTest.swift */ = {isa = PBXFileReference; lastKnownFileType = sourcecode.swift; path = MainViewTest.swift; sourceTree = "<group>"; };
		8541774B9194146758363BE4 /* Pods-ColorLightTests.release.xcconfig */ = {isa = PBXFileReference; includeInIndex = 1; lastKnownFileType = text.xcconfig; name = "Pods-ColorLightTests.release.xcconfig"; path = "Target Support Files/Pods-ColorLightTests/Pods-ColorLightTests.release.xcconfig"; sourceTree = "<group>"; };
		A2A668B2A73FCDDE2AE018A8 /* Pods-ColorLight.debug.xcconfig */ = {isa = PBXFileReference; includeInIndex = 1; lastKnownFileType = text.xcconfig; name = "Pods-ColorLight.debug.xcconfig"; path = "Target Support Files/Pods-ColorLight/Pods-ColorLight.debug.xcconfig"; sourceTree = "<group>"; };
		AB1B8BCAC94B81942BCA4505 /* Pods_ColorLightTests.framework */ = {isa = PBXFileReference; explicitFileType = wrapper.framework; includeInIndex = 0; path = Pods_ColorLightTests.framework; sourceTree = BUILT_PRODUCTS_DIR; };
		DC3268D6D0EA9E87B1CADF11 /* Pods_ColorLight.framework */ = {isa = PBXFileReference; explicitFileType = wrapper.framework; includeInIndex = 0; path = Pods_ColorLight.framework; sourceTree = BUILT_PRODUCTS_DIR; };
		EF70C5F9566AB5A91ABE3080 /* Pods-ColorLightTests.debug.xcconfig */ = {isa = PBXFileReference; includeInIndex = 1; lastKnownFileType = text.xcconfig; name = "Pods-ColorLightTests.debug.xcconfig"; path = "Target Support Files/Pods-ColorLightTests/Pods-ColorLightTests.debug.xcconfig"; sourceTree = "<group>"; };
		F7A2FB63AB1D3CF125E54706 /* Pods-ColorLight.release.xcconfig */ = {isa = PBXFileReference; includeInIndex = 1; lastKnownFileType = text.xcconfig; name = "Pods-ColorLight.release.xcconfig"; path = "Target Support Files/Pods-ColorLight/Pods-ColorLight.release.xcconfig"; sourceTree = "<group>"; };
/* End PBXFileReference section */

/* Begin PBXFrameworksBuildPhase section */
		7D6B8A1D25D490B800CAD805 /* Frameworks */ = {
			isa = PBXFrameworksBuildPhase;
			buildActionMask = 2147483647;
			files = (
				BDCC44476E540C6D19EE67E9 /* Pods_ColorLight.framework in Frameworks */,
			);
			runOnlyForDeploymentPostprocessing = 0;
		};
		7D6B8A3E25D5760D00CAD805 /* Frameworks */ = {
			isa = PBXFrameworksBuildPhase;
			buildActionMask = 2147483647;
			files = (
				5C379EA0EF90014529077293 /* Pods_ColorLightTests.framework in Frameworks */,
			);
			runOnlyForDeploymentPostprocessing = 0;
		};
/* End PBXFrameworksBuildPhase section */

/* Begin PBXGroup section */
		0F539D2C437883D0990678FB /* Pods */ = {
			isa = PBXGroup;
			children = (
				A2A668B2A73FCDDE2AE018A8 /* Pods-ColorLight.debug.xcconfig */,
				F7A2FB63AB1D3CF125E54706 /* Pods-ColorLight.release.xcconfig */,
				EF70C5F9566AB5A91ABE3080 /* Pods-ColorLightTests.debug.xcconfig */,
				8541774B9194146758363BE4 /* Pods-ColorLightTests.release.xcconfig */,
			);
			path = Pods;
			sourceTree = "<group>";
		};
		3D92FBE56D9A5D4D191E258F /* Frameworks */ = {
			isa = PBXGroup;
			children = (
				DC3268D6D0EA9E87B1CADF11 /* Pods_ColorLight.framework */,
				AB1B8BCAC94B81942BCA4505 /* Pods_ColorLightTests.framework */,
			);
			name = Frameworks;
			sourceTree = "<group>";
		};
		7D6B8A1725D490B800CAD805 = {
			isa = PBXGroup;
			children = (
				7D6B8A2225D490B800CAD805 /* ColorLight */,
				7D6B8A4225D5760D00CAD805 /* ColorLightTests */,
				7D6B8A2125D490B800CAD805 /* Products */,
				0F539D2C437883D0990678FB /* Pods */,
				3D92FBE56D9A5D4D191E258F /* Frameworks */,
			);
			sourceTree = "<group>";
		};
		7D6B8A2125D490B800CAD805 /* Products */ = {
			isa = PBXGroup;
			children = (
				7D6B8A2025D490B800CAD805 /* ColorLight.app */,
				7D6B8A4125D5760D00CAD805 /* ColorLightTests.xctest */,
			);
			name = Products;
			sourceTree = "<group>";
		};
		7D6B8A2225D490B800CAD805 /* ColorLight */ = {
			isa = PBXGroup;
			children = (
				7D6B8A3825D490C900CAD805 /* Extensions */,
				7D6B8A2325D490B800CAD805 /* AppDelegate.swift */,
				7D6B8A2525D490B800CAD805 /* SceneDelegate.swift */,
				7D6B8A2725D490B800CAD805 /* ViewController.swift */,
				7D6B8A2925D490B800CAD805 /* Main.storyboard */,
				7D6B8A2C25D490BB00CAD805 /* Assets.xcassets */,
				7D6B8A2E25D490BB00CAD805 /* LaunchScreen.storyboard */,
				7D6B8A3125D490BB00CAD805 /* Info.plist */,
			);
			path = ColorLight;
			sourceTree = "<group>";
		};
		7D6B8A3825D490C900CAD805 /* Extensions */ = {
			isa = PBXGroup;
			children = (
				7D6B8A3925D490E200CAD805 /* UIColor.swift */,
			);
			path = Extensions;
			sourceTree = "<group>";
		};
		7D6B8A4225D5760D00CAD805 /* ColorLightTests */ = {
			isa = PBXGroup;
			children = (
				7D6B8A4525D5760D00CAD805 /* Info.plist */,
				7D6B8A5525D57CB100CAD805 /* ColorLightTests-Bridging-Header.h */,
				7D87CF0225D5DF79004A18F5 /* MainViewTest.swift */,
			);
			path = ColorLightTests;
			sourceTree = "<group>";
		};
/* End PBXGroup section */

/* Begin PBXNativeTarget section */
		7D6B8A1F25D490B800CAD805 /* ColorLight */ = {
			isa = PBXNativeTarget;
			buildConfigurationList = 7D6B8A3425D490BB00CAD805 /* Build configuration list for PBXNativeTarget "ColorLight" */;
			buildPhases = (
				C11EB4C5C53AA2FAD973ECC1 /* [CP] Check Pods Manifest.lock */,
				7D6B8A1C25D490B800CAD805 /* Sources */,
				7D6B8A1D25D490B800CAD805 /* Frameworks */,
				7D6B8A1E25D490B800CAD805 /* Resources */,
			);
			buildRules = (
			);
			dependencies = (
			);
			name = ColorLight;
			productName = ColorLight;
			productReference = 7D6B8A2025D490B800CAD805 /* ColorLight.app */;
			productType = "com.apple.product-type.application";
		};
		7D6B8A4025D5760D00CAD805 /* ColorLightTests */ = {
			isa = PBXNativeTarget;
			buildConfigurationList = 7D6B8A4825D5760D00CAD805 /* Build configuration list for PBXNativeTarget "ColorLightTests" */;
			buildPhases = (
				2C7E579DF62C37BAE2BCF4F8 /* [CP] Check Pods Manifest.lock */,
				7D6B8A3D25D5760D00CAD805 /* Sources */,
				7D6B8A3E25D5760D00CAD805 /* Frameworks */,
				7D6B8A3F25D5760D00CAD805 /* Resources */,
				26345E3B50695AB0A55F49E6 /* [CP] Embed Pods Frameworks */,
			);
			buildRules = (
			);
			dependencies = (
				7D6B8A4725D5760D00CAD805 /* PBXTargetDependency */,
			);
			name = ColorLightTests;
			productName = ColorLightTests;
			productReference = 7D6B8A4125D5760D00CAD805 /* ColorLightTests.xctest */;
			productType = "com.apple.product-type.bundle.unit-test";
		};
/* End PBXNativeTarget section */

/* Begin PBXProject section */
		7D6B8A1825D490B800CAD805 /* Project object */ = {
			isa = PBXProject;
			attributes = {
				LastSwiftUpdateCheck = 1220;
				LastUpgradeCheck = 1220;
				TargetAttributes = {
					7D6B8A1F25D490B800CAD805 = {
						CreatedOnToolsVersion = 12.2;
					};
					7D6B8A4025D5760D00CAD805 = {
						CreatedOnToolsVersion = 12.2;
						LastSwiftMigration = 1220;
						TestTargetID = 7D6B8A1F25D490B800CAD805;
					};
				};
			};
			buildConfigurationList = 7D6B8A1B25D490B800CAD805 /* Build configuration list for PBXProject "ColorLight" */;
			compatibilityVersion = "Xcode 9.3";
			developmentRegion = en;
			hasScannedForEncodings = 0;
			knownRegions = (
				en,
				Base,
			);
			mainGroup = 7D6B8A1725D490B800CAD805;
			productRefGroup = 7D6B8A2125D490B800CAD805 /* Products */;
			projectDirPath = "";
			projectRoot = "";
			targets = (
				7D6B8A1F25D490B800CAD805 /* ColorLight */,
				7D6B8A4025D5760D00CAD805 /* ColorLightTests */,
			);
		};
/* End PBXProject section */

/* Begin PBXResourcesBuildPhase section */
		7D6B8A1E25D490B800CAD805 /* Resources */ = {
			isa = PBXResourcesBuildPhase;
			buildActionMask = 2147483647;
			files = (
				7D6B8A3025D490BB00CAD805 /* LaunchScreen.storyboard in Resources */,
				7D6B8A2D25D490BB00CAD805 /* Assets.xcassets in Resources */,
				7D6B8A2B25D490B800CAD805 /* Main.storyboard in Resources */,
			);
			runOnlyForDeploymentPostprocessing = 0;
		};
		7D6B8A3F25D5760D00CAD805 /* Resources */ = {
			isa = PBXResourcesBuildPhase;
			buildActionMask = 2147483647;
			files = (
			);
			runOnlyForDeploymentPostprocessing = 0;
		};
/* End PBXResourcesBuildPhase section */

/* Begin PBXShellScriptBuildPhase section */
		26345E3B50695AB0A55F49E6 /* [CP] Embed Pods Frameworks */ = {
			isa = PBXShellScriptBuildPhase;
			buildActionMask = 2147483647;
			files = (
			);
			inputFileListPaths = (
				"${PODS_ROOT}/Target Support Files/Pods-ColorLightTests/Pods-ColorLightTests-frameworks-${CONFIGURATION}-input-files.xcfilelist",
			);
			name = "[CP] Embed Pods Frameworks";
			outputFileListPaths = (
				"${PODS_ROOT}/Target Support Files/Pods-ColorLightTests/Pods-ColorLightTests-frameworks-${CONFIGURATION}-output-files.xcfilelist",
			);
			runOnlyForDeploymentPostprocessing = 0;
			shellPath = /bin/sh;
			shellScript = "\"${PODS_ROOT}/Target Support Files/Pods-ColorLightTests/Pods-ColorLightTests-frameworks.sh\"\n";
			showEnvVarsInLog = 0;
		};
		2C7E579DF62C37BAE2BCF4F8 /* [CP] Check Pods Manifest.lock */ = {
			isa = PBXShellScriptBuildPhase;
			buildActionMask = 2147483647;
			files = (
			);
			inputFileListPaths = (
			);
			inputPaths = (
				"${PODS_PODFILE_DIR_PATH}/Podfile.lock",
				"${PODS_ROOT}/Manifest.lock",
			);
			name = "[CP] Check Pods Manifest.lock";
			outputFileListPaths = (
			);
			outputPaths = (
				"$(DERIVED_FILE_DIR)/Pods-ColorLightTests-checkManifestLockResult.txt",
			);
			runOnlyForDeploymentPostprocessing = 0;
			shellPath = /bin/sh;
			shellScript = "diff \"${PODS_PODFILE_DIR_PATH}/Podfile.lock\" \"${PODS_ROOT}/Manifest.lock\" > /dev/null\nif [ $? != 0 ] ; then\n    # print error to STDERR\n    echo \"error: The sandbox is not in sync with the Podfile.lock. Run 'pod install' or update your CocoaPods installation.\" >&2\n    exit 1\nfi\n# This output is used by Xcode 'outputs' to avoid re-running this script phase.\necho \"SUCCESS\" > \"${SCRIPT_OUTPUT_FILE_0}\"\n";
			showEnvVarsInLog = 0;
		};
		C11EB4C5C53AA2FAD973ECC1 /* [CP] Check Pods Manifest.lock */ = {
			isa = PBXShellScriptBuildPhase;
			buildActionMask = 2147483647;
			files = (
			);
			inputFileListPaths = (
			);
			inputPaths = (
				"${PODS_PODFILE_DIR_PATH}/Podfile.lock",
				"${PODS_ROOT}/Manifest.lock",
			);
			name = "[CP] Check Pods Manifest.lock";
			outputFileListPaths = (
			);
			outputPaths = (
				"$(DERIVED_FILE_DIR)/Pods-ColorLight-checkManifestLockResult.txt",
			);
			runOnlyForDeploymentPostprocessing = 0;
			shellPath = /bin/sh;
			shellScript = "diff \"${PODS_PODFILE_DIR_PATH}/Podfile.lock\" \"${PODS_ROOT}/Manifest.lock\" > /dev/null\nif [ $? != 0 ] ; then\n    # print error to STDERR\n    echo \"error: The sandbox is not in sync with the Podfile.lock. Run 'pod install' or update your CocoaPods installation.\" >&2\n    exit 1\nfi\n# This output is used by Xcode 'outputs' to avoid re-running this script phase.\necho \"SUCCESS\" > \"${SCRIPT_OUTPUT_FILE_0}\"\n";
			showEnvVarsInLog = 0;
		};
/* End PBXShellScriptBuildPhase section */

/* Begin PBXSourcesBuildPhase section */
		7D6B8A1C25D490B800CAD805 /* Sources */ = {
			isa = PBXSourcesBuildPhase;
			buildActionMask = 2147483647;
			files = (
				7D6B8A2825D490B800CAD805 /* ViewController.swift in Sources */,
				7D6B8A3A25D490E200CAD805 /* UIColor.swift in Sources */,
				7D6B8A2425D490B800CAD805 /* AppDelegate.swift in Sources */,
				7D6B8A2625D490B800CAD805 /* SceneDelegate.swift in Sources */,
			);
			runOnlyForDeploymentPostprocessing = 0;
		};
		7D6B8A3D25D5760D00CAD805 /* Sources */ = {
			isa = PBXSourcesBuildPhase;
			buildActionMask = 2147483647;
			files = (
				7D87CF0325D5DF79004A18F5 /* MainViewTest.swift in Sources */,
			);
			runOnlyForDeploymentPostprocessing = 0;
		};
/* End PBXSourcesBuildPhase section */

/* Begin PBXTargetDependency section */
		7D6B8A4725D5760D00CAD805 /* PBXTargetDependency */ = {
			isa = PBXTargetDependency;
			target = 7D6B8A1F25D490B800CAD805 /* ColorLight */;
			targetProxy = 7D6B8A4625D5760D00CAD805 /* PBXContainerItemProxy */;
		};
/* End PBXTargetDependency section */

/* Begin PBXVariantGroup section */
		7D6B8A2925D490B800CAD805 /* Main.storyboard */ = {
			isa = PBXVariantGroup;
			children = (
				7D6B8A2A25D490B800CAD805 /* Base */,
			);
			name = Main.storyboard;
			sourceTree = "<group>";
		};
		7D6B8A2E25D490BB00CAD805 /* LaunchScreen.storyboard */ = {
			isa = PBXVariantGroup;
			children = (
				7D6B8A2F25D490BB00CAD805 /* Base */,
			);
			name = LaunchScreen.storyboard;
			sourceTree = "<group>";
		};
/* End PBXVariantGroup section */

/* Begin XCBuildConfiguration section */
		7D6B8A3225D490BB00CAD805 /* Debug */ = {
			isa = XCBuildConfiguration;
			buildSettings = {
				ALWAYS_SEARCH_USER_PATHS = NO;
				CLANG_ANALYZER_NONNULL = YES;
				CLANG_ANALYZER_NUMBER_OBJECT_CONVERSION = YES_AGGRESSIVE;
				CLANG_CXX_LANGUAGE_STANDARD = "gnu++14";
				CLANG_CXX_LIBRARY = "libc++";
				CLANG_ENABLE_MODULES = YES;
				CLANG_ENABLE_OBJC_ARC = YES;
				CLANG_ENABLE_OBJC_WEAK = YES;
				CLANG_WARN_BLOCK_CAPTURE_AUTORELEASING = YES;
				CLANG_WARN_BOOL_CONVERSION = YES;
				CLANG_WARN_COMMA = YES;
				CLANG_WARN_CONSTANT_CONVERSION = YES;
				CLANG_WARN_DEPRECATED_OBJC_IMPLEMENTATIONS = YES;
				CLANG_WARN_DIRECT_OBJC_ISA_USAGE = YES_ERROR;
				CLANG_WARN_DOCUMENTATION_COMMENTS = YES;
				CLANG_WARN_EMPTY_BODY = YES;
				CLANG_WARN_ENUM_CONVERSION = YES;
				CLANG_WARN_INFINITE_RECURSION = YES;
				CLANG_WARN_INT_CONVERSION = YES;
				CLANG_WARN_NON_LITERAL_NULL_CONVERSION = YES;
				CLANG_WARN_OBJC_IMPLICIT_RETAIN_SELF = YES;
				CLANG_WARN_OBJC_LITERAL_CONVERSION = YES;
				CLANG_WARN_OBJC_ROOT_CLASS = YES_ERROR;
				CLANG_WARN_QUOTED_INCLUDE_IN_FRAMEWORK_HEADER = YES;
				CLANG_WARN_RANGE_LOOP_ANALYSIS = YES;
				CLANG_WARN_STRICT_PROTOTYPES = YES;
				CLANG_WARN_SUSPICIOUS_MOVE = YES;
				CLANG_WARN_UNGUARDED_AVAILABILITY = YES_AGGRESSIVE;
				CLANG_WARN_UNREACHABLE_CODE = YES;
				CLANG_WARN__DUPLICATE_METHOD_MATCH = YES;
				COPY_PHASE_STRIP = NO;
				DEBUG_INFORMATION_FORMAT = dwarf;
				ENABLE_STRICT_OBJC_MSGSEND = YES;
				ENABLE_TESTABILITY = YES;
				GCC_C_LANGUAGE_STANDARD = gnu11;
				GCC_DYNAMIC_NO_PIC = NO;
				GCC_NO_COMMON_BLOCKS = YES;
				GCC_OPTIMIZATION_LEVEL = 0;
				GCC_PREPROCESSOR_DEFINITIONS = (
					"DEBUG=1",
					"$(inherited)",
				);
				GCC_WARN_64_TO_32_BIT_CONVERSION = YES;
				GCC_WARN_ABOUT_RETURN_TYPE = YES_ERROR;
				GCC_WARN_UNDECLARED_SELECTOR = YES;
				GCC_WARN_UNINITIALIZED_AUTOS = YES_AGGRESSIVE;
				GCC_WARN_UNUSED_FUNCTION = YES;
				GCC_WARN_UNUSED_VARIABLE = YES;
				IPHONEOS_DEPLOYMENT_TARGET = 14.2;
				MTL_ENABLE_DEBUG_INFO = INCLUDE_SOURCE;
				MTL_FAST_MATH = YES;
				ONLY_ACTIVE_ARCH = YES;
				SDKROOT = iphoneos;
				SWIFT_ACTIVE_COMPILATION_CONDITIONS = DEBUG;
				SWIFT_OPTIMIZATION_LEVEL = "-Onone";
			};
			name = Debug;
		};
		7D6B8A3325D490BB00CAD805 /* Release */ = {
			isa = XCBuildConfiguration;
			buildSettings = {
				ALWAYS_SEARCH_USER_PATHS = NO;
				CLANG_ANALYZER_NONNULL = YES;
				CLANG_ANALYZER_NUMBER_OBJECT_CONVERSION = YES_AGGRESSIVE;
				CLANG_CXX_LANGUAGE_STANDARD = "gnu++14";
				CLANG_CXX_LIBRARY = "libc++";
				CLANG_ENABLE_MODULES = YES;
				CLANG_ENABLE_OBJC_ARC = YES;
				CLANG_ENABLE_OBJC_WEAK = YES;
				CLANG_WARN_BLOCK_CAPTURE_AUTORELEASING = YES;
				CLANG_WARN_BOOL_CONVERSION = YES;
				CLANG_WARN_COMMA = YES;
				CLANG_WARN_CONSTANT_CONVERSION = YES;
				CLANG_WARN_DEPRECATED_OBJC_IMPLEMENTATIONS = YES;
				CLANG_WARN_DIRECT_OBJC_ISA_USAGE = YES_ERROR;
				CLANG_WARN_DOCUMENTATION_COMMENTS = YES;
				CLANG_WARN_EMPTY_BODY = YES;
				CLANG_WARN_ENUM_CONVERSION = YES;
				CLANG_WARN_INFINITE_RECURSION = YES;
				CLANG_WARN_INT_CONVERSION = YES;
				CLANG_WARN_NON_LITERAL_NULL_CONVERSION = YES;
				CLANG_WARN_OBJC_IMPLICIT_RETAIN_SELF = YES;
				CLANG_WARN_OBJC_LITERAL_CONVERSION = YES;
				CLANG_WARN_OBJC_ROOT_CLASS = YES_ERROR;
				CLANG_WARN_QUOTED_INCLUDE_IN_FRAMEWORK_HEADER = YES;
				CLANG_WARN_RANGE_LOOP_ANALYSIS = YES;
				CLANG_WARN_STRICT_PROTOTYPES = YES;
				CLANG_WARN_SUSPICIOUS_MOVE = YES;
				CLANG_WARN_UNGUARDED_AVAILABILITY = YES_AGGRESSIVE;
				CLANG_WARN_UNREACHABLE_CODE = YES;
				CLANG_WARN__DUPLICATE_METHOD_MATCH = YES;
				COPY_PHASE_STRIP = NO;
				DEBUG_INFORMATION_FORMAT = "dwarf-with-dsym";
				ENABLE_NS_ASSERTIONS = NO;
				ENABLE_STRICT_OBJC_MSGSEND = YES;
				GCC_C_LANGUAGE_STANDARD = gnu11;
				GCC_NO_COMMON_BLOCKS = YES;
				GCC_WARN_64_TO_32_BIT_CONVERSION = YES;
				GCC_WARN_ABOUT_RETURN_TYPE = YES_ERROR;
				GCC_WARN_UNDECLARED_SELECTOR = YES;
				GCC_WARN_UNINITIALIZED_AUTOS = YES_AGGRESSIVE;
				GCC_WARN_UNUSED_FUNCTION = YES;
				GCC_WARN_UNUSED_VARIABLE = YES;
				IPHONEOS_DEPLOYMENT_TARGET = 14.2;
				MTL_ENABLE_DEBUG_INFO = NO;
				MTL_FAST_MATH = YES;
				SDKROOT = iphoneos;
				SWIFT_COMPILATION_MODE = wholemodule;
				SWIFT_OPTIMIZATION_LEVEL = "-O";
				VALIDATE_PRODUCT = YES;
			};
			name = Release;
		};
		7D6B8A3525D490BB00CAD805 /* Debug */ = {
			isa = XCBuildConfiguration;
			baseConfigurationReference = A2A668B2A73FCDDE2AE018A8 /* Pods-ColorLight.debug.xcconfig */;
			buildSettings = {
				ASSETCATALOG_COMPILER_APPICON_NAME = AppIcon;
				ASSETCATALOG_COMPILER_GLOBAL_ACCENT_COLOR_NAME = AccentColor;
				CODE_SIGN_STYLE = Automatic;
				DEVELOPMENT_TEAM = JM6RH6V5Z9;
				INFOPLIST_FILE = ColorLight/Info.plist;
				LD_RUNPATH_SEARCH_PATHS = (
					"$(inherited)",
					"@executable_path/Frameworks",
				);
				PRODUCT_BUNDLE_IDENTIFIER = me.penelopearaujo.ColorLight;
				PRODUCT_NAME = "$(TARGET_NAME)";
				SWIFT_VERSION = 5.0;
				TARGETED_DEVICE_FAMILY = "1,2";
			};
			name = Debug;
		};
		7D6B8A3625D490BB00CAD805 /* Release */ = {
			isa = XCBuildConfiguration;
			baseConfigurationReference = F7A2FB63AB1D3CF125E54706 /* Pods-ColorLight.release.xcconfig */;
			buildSettings = {
				ASSETCATALOG_COMPILER_APPICON_NAME = AppIcon;
				ASSETCATALOG_COMPILER_GLOBAL_ACCENT_COLOR_NAME = AccentColor;
				CODE_SIGN_STYLE = Automatic;
				DEVELOPMENT_TEAM = JM6RH6V5Z9;
				INFOPLIST_FILE = ColorLight/Info.plist;
				LD_RUNPATH_SEARCH_PATHS = (
					"$(inherited)",
					"@executable_path/Frameworks",
				);
				PRODUCT_BUNDLE_IDENTIFIER = me.penelopearaujo.ColorLight;
				PRODUCT_NAME = "$(TARGET_NAME)";
				SWIFT_VERSION = 5.0;
				TARGETED_DEVICE_FAMILY = "1,2";
			};
			name = Release;
		};
		7D6B8A4925D5760D00CAD805 /* Debug */ = {
			isa = XCBuildConfiguration;
			baseConfigurationReference = EF70C5F9566AB5A91ABE3080 /* Pods-ColorLightTests.debug.xcconfig */;
			buildSettings = {
				BUNDLE_LOADER = "$(TEST_HOST)";
				CLANG_ENABLE_MODULES = YES;
				CODE_SIGN_STYLE = Automatic;
				DEVELOPMENT_TEAM = JM6RH6V5Z9;
				INFOPLIST_FILE = ColorLightTests/Info.plist;
				LD_RUNPATH_SEARCH_PATHS = (
					"$(inherited)",
					"@executable_path/Frameworks",
					"@loader_path/Frameworks",
				);
				PRODUCT_BUNDLE_IDENTIFIER = me.penelopearaujo.ColorLightTests;
				PRODUCT_NAME = "$(TARGET_NAME)";
				SWIFT_OBJC_BRIDGING_HEADER = "ColorLightTests/ColorLightTests-Bridging-Header.h";
				SWIFT_OPTIMIZATION_LEVEL = "-Onone";
				SWIFT_VERSION = 5.0;
				TARGETED_DEVICE_FAMILY = "1,2";
				TEST_HOST = "$(BUILT_PRODUCTS_DIR)/ColorLight.app/ColorLight";
			};
			name = Debug;
		};
		7D6B8A4A25D5760D00CAD805 /* Release */ = {
			isa = XCBuildConfiguration;
			baseConfigurationReference = 8541774B9194146758363BE4 /* Pods-ColorLightTests.release.xcconfig */;
			buildSettings = {
				BUNDLE_LOADER = "$(TEST_HOST)";
				CLANG_ENABLE_MODULES = YES;
				CODE_SIGN_STYLE = Automatic;
				DEVELOPMENT_TEAM = JM6RH6V5Z9;
				INFOPLIST_FILE = ColorLightTests/Info.plist;
				LD_RUNPATH_SEARCH_PATHS = (
					"$(inherited)",
					"@executable_path/Frameworks",
					"@loader_path/Frameworks",
				);
				PRODUCT_BUNDLE_IDENTIFIER = me.penelopearaujo.ColorLightTests;
				PRODUCT_NAME = "$(TARGET_NAME)";
				SWIFT_OBJC_BRIDGING_HEADER = "ColorLightTests/ColorLightTests-Bridging-Header.h";
				SWIFT_VERSION = 5.0;
				TARGETED_DEVICE_FAMILY = "1,2";
				TEST_HOST = "$(BUILT_PRODUCTS_DIR)/ColorLight.app/ColorLight";
			};
			name = Release;
		};
/* End XCBuildConfiguration section */

/* Begin XCConfigurationList section */
		7D6B8A1B25D490B800CAD805 /* Build configuration list for PBXProject "ColorLight" */ = {
			isa = XCConfigurationList;
			buildConfigurations = (
				7D6B8A3225D490BB00CAD805 /* Debug */,
				7D6B8A3325D490BB00CAD805 /* Release */,
			);
			defaultConfigurationIsVisible = 0;
			defaultConfigurationName = Release;
		};
		7D6B8A3425D490BB00CAD805 /* Build configuration list for PBXNativeTarget "ColorLight" */ = {
			isa = XCConfigurationList;
			buildConfigurations = (
				7D6B8A3525D490BB00CAD805 /* Debug */,
				7D6B8A3625D490BB00CAD805 /* Release */,
			);
			defaultConfigurationIsVisible = 0;
			defaultConfigurationName = Release;
		};
		7D6B8A4825D5760D00CAD805 /* Build configuration list for PBXNativeTarget "ColorLightTests" */ = {
			isa = XCConfigurationList;
			buildConfigurations = (
				7D6B8A4925D5760D00CAD805 /* Debug */,
				7D6B8A4A25D5760D00CAD805 /* Release */,
			);
			defaultConfigurationIsVisible = 0;
			defaultConfigurationName = Release;
		};
/* End XCConfigurationList section */
	};
	rootObject = 7D6B8A1825D490B800CAD805 /* Project object */;
}
